// !$*UTF8*$!
{
	archiveVersion = 1;
	classes = {
	};
	objectVersion = 51;
	objects = {

/* Begin PBXBuildFile section */
		7F02118C270BA592004D7589 /* SignUpViewModel.swift in Sources */ = {isa = PBXBuildFile; fileRef = 7F02118B270BA592004D7589 /* SignUpViewModel.swift */; };
		7F02118E270BA59F004D7589 /* SignInViewModel.swift in Sources */ = {isa = PBXBuildFile; fileRef = 7F02118D270BA59F004D7589 /* SignInViewModel.swift */; };
		7F021190270BF38B004D7589 /* AuthenticationServices.swift in Sources */ = {isa = PBXBuildFile; fileRef = 7F02118F270BF38B004D7589 /* AuthenticationServices.swift */; };
		7F02DADE27011C59007408B3 /* EventCreationLocationFormViewModel.swift in Sources */ = {isa = PBXBuildFile; fileRef = 7F02DADD27011C59007408B3 /* EventCreationLocationFormViewModel.swift */; };
		7F02DAE027011C81007408B3 /* EventCreationLocationFormView.swift in Sources */ = {isa = PBXBuildFile; fileRef = 7F02DADF27011C81007408B3 /* EventCreationLocationFormView.swift */; };
		7F18D66526CDC86E003B8EBF /* User.swift in Sources */ = {isa = PBXBuildFile; fileRef = 7F18D66426CDC86E003B8EBF /* User.swift */; };
		7F18D66726CDE466003B8EBF /* SavedLocation.swift in Sources */ = {isa = PBXBuildFile; fileRef = 7F18D66626CDE466003B8EBF /* SavedLocation.swift */; };
		7F18D66926CDEB18003B8EBF /* EventRepository.swift in Sources */ = {isa = PBXBuildFile; fileRef = 7F18D66826CDEB18003B8EBF /* EventRepository.swift */; };
		7F18D66B26CDECE0003B8EBF /* EventViewModel.swift in Sources */ = {isa = PBXBuildFile; fileRef = 7F18D66A26CDECE0003B8EBF /* EventViewModel.swift */; };
		7F18D66D26CDECF9003B8EBF /* EventsViewModel.swift in Sources */ = {isa = PBXBuildFile; fileRef = 7F18D66C26CDECF9003B8EBF /* EventsViewModel.swift */; };
		7F18D66F26CE92C8003B8EBF /* GoogleService-Info.plist in Resources */ = {isa = PBXBuildFile; fileRef = 7F18D66E26CE92C7003B8EBF /* GoogleService-Info.plist */; };
		7F2A569226D1A4ED0016469B /* UsersRepository.swift in Sources */ = {isa = PBXBuildFile; fileRef = 7F2A569126D1A4ED0016469B /* UsersRepository.swift */; };
		7F2C4A5926CD5A62002187A1 /* MOTVApp.swift in Sources */ = {isa = PBXBuildFile; fileRef = 7F2C4A5826CD5A62002187A1 /* MOTVApp.swift */; };
		7F2C4A5B26CD5A62002187A1 /* EventsView.swift in Sources */ = {isa = PBXBuildFile; fileRef = 7F2C4A5A26CD5A62002187A1 /* EventsView.swift */; };
		7F2C4A6026CD5A66002187A1 /* Preview Assets.xcassets in Resources */ = {isa = PBXBuildFile; fileRef = 7F2C4A5F26CD5A66002187A1 /* Preview Assets.xcassets */; };
		7F2C4A6226CD5A66002187A1 /* Persistence.swift in Sources */ = {isa = PBXBuildFile; fileRef = 7F2C4A6126CD5A66002187A1 /* Persistence.swift */; };
		7F2C4A6526CD5A66002187A1 /* MOTV.xcdatamodeld in Sources */ = {isa = PBXBuildFile; fileRef = 7F2C4A6326CD5A66002187A1 /* MOTV.xcdatamodeld */; };
		7F2C4A7026CD5A67002187A1 /* MOTVTests.swift in Sources */ = {isa = PBXBuildFile; fileRef = 7F2C4A6F26CD5A67002187A1 /* MOTVTests.swift */; };
		7F2C4A7B26CD5A67002187A1 /* MOTVUITests.swift in Sources */ = {isa = PBXBuildFile; fileRef = 7F2C4A7A26CD5A67002187A1 /* MOTVUITests.swift */; };
		7F2C4A9026CDC39E002187A1 /* EventCell.swift in Sources */ = {isa = PBXBuildFile; fileRef = 7F2C4A8F26CDC39E002187A1 /* EventCell.swift */; };
		7F2C4A9226CDC672002187A1 /* Event.swift in Sources */ = {isa = PBXBuildFile; fileRef = 7F2C4A9126CDC672002187A1 /* Event.swift */; };
		7F3334F7270115B3007CB93B /* EventCreationPrimaryDetailsFormView.swift in Sources */ = {isa = PBXBuildFile; fileRef = 7F3334F6270115B3007CB93B /* EventCreationPrimaryDetailsFormView.swift */; };
		7F3334F9270115CC007CB93B /* EventCreationPrimaryDetailsFormViewModel.swift in Sources */ = {isa = PBXBuildFile; fileRef = 7F3334F8270115CC007CB93B /* EventCreationPrimaryDetailsFormViewModel.swift */; };
		7F3334FB27011611007CB93B /* EventCreationInviteesFormView.swift in Sources */ = {isa = PBXBuildFile; fileRef = 7F3334FA27011611007CB93B /* EventCreationInviteesFormView.swift */; };
		7F3334FD2701161D007CB93B /* EventCreationInviteesFormViewModel.swift in Sources */ = {isa = PBXBuildFile; fileRef = 7F3334FC2701161D007CB93B /* EventCreationInviteesFormViewModel.swift */; };
		7F3334FF27011636007CB93B /* EventCreationSecondaryDetailsFormView.swift in Sources */ = {isa = PBXBuildFile; fileRef = 7F3334FE27011636007CB93B /* EventCreationSecondaryDetailsFormView.swift */; };
		7F3335012701164D007CB93B /* EventCreationSecondaryDetailsFormViewModel.swift in Sources */ = {isa = PBXBuildFile; fileRef = 7F3335002701164D007CB93B /* EventCreationSecondaryDetailsFormViewModel.swift */; };
		7F333503270116C9007CB93B /* EventCreationFormViewModel.swift in Sources */ = {isa = PBXBuildFile; fileRef = 7F333502270116C9007CB93B /* EventCreationFormViewModel.swift */; };
		7F3E6CFE2709252E009EB80A /* AuthenticationView.swift in Sources */ = {isa = PBXBuildFile; fileRef = 7F3E6CFD2709252E009EB80A /* AuthenticationView.swift */; };
		7F4B9764270153C50072C52F /* FontManager.swift in Sources */ = {isa = PBXBuildFile; fileRef = 7F4B9763270153C50072C52F /* FontManager.swift */; };
		7F4B9766270153EB0072C52F /* ColorManager.swift in Sources */ = {isa = PBXBuildFile; fileRef = 7F4B9765270153EB0072C52F /* ColorManager.swift */; };
		7F4B9769270155030072C52F /* Colors.xcassets in Resources */ = {isa = PBXBuildFile; fileRef = 7F4B9768270155030072C52F /* Colors.xcassets */; };
		7F4B976A270155030072C52F /* Colors.xcassets in Resources */ = {isa = PBXBuildFile; fileRef = 7F4B9768270155030072C52F /* Colors.xcassets */; };
		7F4B976B270155030072C52F /* Colors.xcassets in Resources */ = {isa = PBXBuildFile; fileRef = 7F4B9768270155030072C52F /* Colors.xcassets */; };
		7F4B976E270155110072C52F /* GT-America-Extended-Bold-Italic-Trial copy.otf in Resources */ = {isa = PBXBuildFile; fileRef = 7F4B976D270155110072C52F /* GT-America-Extended-Bold-Italic-Trial copy.otf */; };
		7F4B976F270155110072C52F /* GT-America-Extended-Bold-Italic-Trial copy.otf in Resources */ = {isa = PBXBuildFile; fileRef = 7F4B976D270155110072C52F /* GT-America-Extended-Bold-Italic-Trial copy.otf */; };
		7F4B9770270155110072C52F /* GT-America-Extended-Bold-Italic-Trial copy.otf in Resources */ = {isa = PBXBuildFile; fileRef = 7F4B976D270155110072C52F /* GT-America-Extended-Bold-Italic-Trial copy.otf */; };
		7F8DC5E1270E65770025E02B /* PersonalProfileView.swift in Sources */ = {isa = PBXBuildFile; fileRef = 7F8DC5E0270E65770025E02B /* PersonalProfileView.swift */; };
		7F8DC5E3270E65850025E02B /* PersonalProfileViewModel.swift in Sources */ = {isa = PBXBuildFile; fileRef = 7F8DC5E2270E65850025E02B /* PersonalProfileViewModel.swift */; };
		7F8DC5E4270E9A9A0025E02B /* Assets.xcassets in Resources */ = {isa = PBXBuildFile; fileRef = 7F2C4A5C26CD5A66002187A1 /* Assets.xcassets */; };
		7F8DC5E5270E9A9A0025E02B /* Assets.xcassets in Resources */ = {isa = PBXBuildFile; fileRef = 7F2C4A5C26CD5A66002187A1 /* Assets.xcassets */; };
		7F8DC5E6270E9AF60025E02B /* Assets.xcassets in Resources */ = {isa = PBXBuildFile; fileRef = 7F2C4A5C26CD5A66002187A1 /* Assets.xcassets */; };
		7FBF26DE26D0050A003E2E99 /* Constants.swift in Sources */ = {isa = PBXBuildFile; fileRef = 7FBF26DD26D00509003E2E99 /* Constants.swift */; };
		7FCA797426D563D3008C673A /* MapServices.swift in Sources */ = {isa = PBXBuildFile; fileRef = 7FCA797326D563D3008C673A /* MapServices.swift */; };
		7FE433772710C65C00B40692 /* TestUserSwitcher.swift in Sources */ = {isa = PBXBuildFile; fileRef = 7FE433762710C65C00B40692 /* TestUserSwitcher.swift */; };
		A425728F89059B5D04DD7C96 /* Pods_MOTVTests.framework in Frameworks */ = {isa = PBXBuildFile; fileRef = 6AA9B3F5129D3E869CD64A97 /* Pods_MOTVTests.framework */; };
		B62CFC743734A709A7D2333C /* Pods_MOTV_MOTVUITests.framework in Frameworks */ = {isa = PBXBuildFile; fileRef = A1D962A2ADC5ED102297BF10 /* Pods_MOTV_MOTVUITests.framework */; };
		F0B61C401530E6FE0262FEE6 /* Pods_MOTV.framework in Frameworks */ = {isa = PBXBuildFile; fileRef = 5D368C2829FCB1CE6A39EF73 /* Pods_MOTV.framework */; };
/* End PBXBuildFile section */

/* Begin PBXContainerItemProxy section */
		7F2C4A6C26CD5A67002187A1 /* PBXContainerItemProxy */ = {
			isa = PBXContainerItemProxy;
			containerPortal = 7F2C4A4D26CD5A62002187A1 /* Project object */;
			proxyType = 1;
			remoteGlobalIDString = 7F2C4A5426CD5A62002187A1;
			remoteInfo = MOTV;
		};
		7F2C4A7726CD5A67002187A1 /* PBXContainerItemProxy */ = {
			isa = PBXContainerItemProxy;
			containerPortal = 7F2C4A4D26CD5A62002187A1 /* Project object */;
			proxyType = 1;
			remoteGlobalIDString = 7F2C4A5426CD5A62002187A1;
			remoteInfo = MOTV;
		};
/* End PBXContainerItemProxy section */

/* Begin PBXFileReference section */
		153ECCD57DBFB7D8F6C48EB1 /* Pods-MOTV-MOTVUITests.debug.xcconfig */ = {isa = PBXFileReference; includeInIndex = 1; lastKnownFileType = text.xcconfig; name = "Pods-MOTV-MOTVUITests.debug.xcconfig"; path = "Target Support Files/Pods-MOTV-MOTVUITests/Pods-MOTV-MOTVUITests.debug.xcconfig"; sourceTree = "<group>"; };
		2278BEAAD317F2AFF622058A /* Pods-MOTVTests.debug.xcconfig */ = {isa = PBXFileReference; includeInIndex = 1; lastKnownFileType = text.xcconfig; name = "Pods-MOTVTests.debug.xcconfig"; path = "Target Support Files/Pods-MOTVTests/Pods-MOTVTests.debug.xcconfig"; sourceTree = "<group>"; };
		5D368C2829FCB1CE6A39EF73 /* Pods_MOTV.framework */ = {isa = PBXFileReference; explicitFileType = wrapper.framework; includeInIndex = 0; path = Pods_MOTV.framework; sourceTree = BUILT_PRODUCTS_DIR; };
		5E9EBD36522029B5DD7CD4FA /* Pods-MOTVTests.release.xcconfig */ = {isa = PBXFileReference; includeInIndex = 1; lastKnownFileType = text.xcconfig; name = "Pods-MOTVTests.release.xcconfig"; path = "Target Support Files/Pods-MOTVTests/Pods-MOTVTests.release.xcconfig"; sourceTree = "<group>"; };
		6AA9B3F5129D3E869CD64A97 /* Pods_MOTVTests.framework */ = {isa = PBXFileReference; explicitFileType = wrapper.framework; includeInIndex = 0; path = Pods_MOTVTests.framework; sourceTree = BUILT_PRODUCTS_DIR; };
		75B6C883BF7A4FA67BB91597 /* Pods-MOTV.release.xcconfig */ = {isa = PBXFileReference; includeInIndex = 1; lastKnownFileType = text.xcconfig; name = "Pods-MOTV.release.xcconfig"; path = "Target Support Files/Pods-MOTV/Pods-MOTV.release.xcconfig"; sourceTree = "<group>"; };
		7F02118B270BA592004D7589 /* SignUpViewModel.swift */ = {isa = PBXFileReference; lastKnownFileType = sourcecode.swift; path = SignUpViewModel.swift; sourceTree = "<group>"; };
		7F02118D270BA59F004D7589 /* SignInViewModel.swift */ = {isa = PBXFileReference; lastKnownFileType = sourcecode.swift; path = SignInViewModel.swift; sourceTree = "<group>"; };
		7F02118F270BF38B004D7589 /* AuthenticationServices.swift */ = {isa = PBXFileReference; lastKnownFileType = sourcecode.swift; path = AuthenticationServices.swift; sourceTree = "<group>"; };
		7F02DADD27011C59007408B3 /* EventCreationLocationFormViewModel.swift */ = {isa = PBXFileReference; lastKnownFileType = sourcecode.swift; path = EventCreationLocationFormViewModel.swift; sourceTree = "<group>"; };
		7F02DADF27011C81007408B3 /* EventCreationLocationFormView.swift */ = {isa = PBXFileReference; lastKnownFileType = sourcecode.swift; path = EventCreationLocationFormView.swift; sourceTree = "<group>"; };
		7F18D66426CDC86E003B8EBF /* User.swift */ = {isa = PBXFileReference; lastKnownFileType = sourcecode.swift; path = User.swift; sourceTree = "<group>"; };
		7F18D66626CDE466003B8EBF /* SavedLocation.swift */ = {isa = PBXFileReference; lastKnownFileType = sourcecode.swift; path = SavedLocation.swift; sourceTree = "<group>"; };
		7F18D66826CDEB18003B8EBF /* EventRepository.swift */ = {isa = PBXFileReference; lastKnownFileType = sourcecode.swift; path = EventRepository.swift; sourceTree = "<group>"; };
		7F18D66A26CDECE0003B8EBF /* EventViewModel.swift */ = {isa = PBXFileReference; lastKnownFileType = sourcecode.swift; path = EventViewModel.swift; sourceTree = "<group>"; };
		7F18D66C26CDECF9003B8EBF /* EventsViewModel.swift */ = {isa = PBXFileReference; lastKnownFileType = sourcecode.swift; path = EventsViewModel.swift; sourceTree = "<group>"; };
		7F18D66E26CE92C7003B8EBF /* GoogleService-Info.plist */ = {isa = PBXFileReference; fileEncoding = 4; lastKnownFileType = text.plist.xml; path = "GoogleService-Info.plist"; sourceTree = "<group>"; };
		7F2A569126D1A4ED0016469B /* UsersRepository.swift */ = {isa = PBXFileReference; lastKnownFileType = sourcecode.swift; path = UsersRepository.swift; sourceTree = "<group>"; };
		7F2C4A5526CD5A62002187A1 /* MOTV.app */ = {isa = PBXFileReference; explicitFileType = wrapper.application; includeInIndex = 0; path = MOTV.app; sourceTree = BUILT_PRODUCTS_DIR; };
		7F2C4A5826CD5A62002187A1 /* MOTVApp.swift */ = {isa = PBXFileReference; lastKnownFileType = sourcecode.swift; path = MOTVApp.swift; sourceTree = "<group>"; };
		7F2C4A5A26CD5A62002187A1 /* EventsView.swift */ = {isa = PBXFileReference; lastKnownFileType = sourcecode.swift; path = EventsView.swift; sourceTree = "<group>"; };
		7F2C4A5C26CD5A66002187A1 /* Assets.xcassets */ = {isa = PBXFileReference; lastKnownFileType = folder.assetcatalog; path = Assets.xcassets; sourceTree = "<group>"; };
		7F2C4A5F26CD5A66002187A1 /* Preview Assets.xcassets */ = {isa = PBXFileReference; lastKnownFileType = folder.assetcatalog; path = "Preview Assets.xcassets"; sourceTree = "<group>"; };
		7F2C4A6126CD5A66002187A1 /* Persistence.swift */ = {isa = PBXFileReference; lastKnownFileType = sourcecode.swift; path = Persistence.swift; sourceTree = "<group>"; };
		7F2C4A6426CD5A66002187A1 /* MOTV.xcdatamodel */ = {isa = PBXFileReference; lastKnownFileType = wrapper.xcdatamodel; path = MOTV.xcdatamodel; sourceTree = "<group>"; };
		7F2C4A6626CD5A66002187A1 /* Info.plist */ = {isa = PBXFileReference; lastKnownFileType = text.plist.xml; path = Info.plist; sourceTree = "<group>"; };
		7F2C4A6B26CD5A67002187A1 /* MOTVTests.xctest */ = {isa = PBXFileReference; explicitFileType = wrapper.cfbundle; includeInIndex = 0; path = MOTVTests.xctest; sourceTree = BUILT_PRODUCTS_DIR; };
		7F2C4A6F26CD5A67002187A1 /* MOTVTests.swift */ = {isa = PBXFileReference; lastKnownFileType = sourcecode.swift; path = MOTVTests.swift; sourceTree = "<group>"; };
		7F2C4A7126CD5A67002187A1 /* Info.plist */ = {isa = PBXFileReference; lastKnownFileType = text.plist.xml; path = Info.plist; sourceTree = "<group>"; };
		7F2C4A7626CD5A67002187A1 /* MOTVUITests.xctest */ = {isa = PBXFileReference; explicitFileType = wrapper.cfbundle; includeInIndex = 0; path = MOTVUITests.xctest; sourceTree = BUILT_PRODUCTS_DIR; };
		7F2C4A7A26CD5A67002187A1 /* MOTVUITests.swift */ = {isa = PBXFileReference; lastKnownFileType = sourcecode.swift; path = MOTVUITests.swift; sourceTree = "<group>"; };
		7F2C4A7C26CD5A67002187A1 /* Info.plist */ = {isa = PBXFileReference; lastKnownFileType = text.plist.xml; path = Info.plist; sourceTree = "<group>"; };
		7F2C4A8F26CDC39E002187A1 /* EventCell.swift */ = {isa = PBXFileReference; lastKnownFileType = sourcecode.swift; path = EventCell.swift; sourceTree = "<group>"; };
		7F2C4A9126CDC672002187A1 /* Event.swift */ = {isa = PBXFileReference; lastKnownFileType = sourcecode.swift; path = Event.swift; sourceTree = "<group>"; };
		7F3334F6270115B3007CB93B /* EventCreationPrimaryDetailsFormView.swift */ = {isa = PBXFileReference; lastKnownFileType = sourcecode.swift; path = EventCreationPrimaryDetailsFormView.swift; sourceTree = "<group>"; };
		7F3334F8270115CC007CB93B /* EventCreationPrimaryDetailsFormViewModel.swift */ = {isa = PBXFileReference; lastKnownFileType = sourcecode.swift; path = EventCreationPrimaryDetailsFormViewModel.swift; sourceTree = "<group>"; };
		7F3334FA27011611007CB93B /* EventCreationInviteesFormView.swift */ = {isa = PBXFileReference; lastKnownFileType = sourcecode.swift; path = EventCreationInviteesFormView.swift; sourceTree = "<group>"; };
		7F3334FC2701161D007CB93B /* EventCreationInviteesFormViewModel.swift */ = {isa = PBXFileReference; lastKnownFileType = sourcecode.swift; name = EventCreationInviteesFormViewModel.swift; path = "MOTV/Views/Event Creation Form/EventCreationInviteesFormViewModel.swift"; sourceTree = SOURCE_ROOT; };
		7F3334FE27011636007CB93B /* EventCreationSecondaryDetailsFormView.swift */ = {isa = PBXFileReference; lastKnownFileType = sourcecode.swift; path = EventCreationSecondaryDetailsFormView.swift; sourceTree = "<group>"; };
		7F3335002701164D007CB93B /* EventCreationSecondaryDetailsFormViewModel.swift */ = {isa = PBXFileReference; lastKnownFileType = sourcecode.swift; path = EventCreationSecondaryDetailsFormViewModel.swift; sourceTree = "<group>"; };
		7F333502270116C9007CB93B /* EventCreationFormViewModel.swift */ = {isa = PBXFileReference; lastKnownFileType = sourcecode.swift; path = EventCreationFormViewModel.swift; sourceTree = "<group>"; };
		7F3E6CFD2709252E009EB80A /* AuthenticationView.swift */ = {isa = PBXFileReference; lastKnownFileType = sourcecode.swift; path = AuthenticationView.swift; sourceTree = "<group>"; };
		7F4B9763270153C50072C52F /* FontManager.swift */ = {isa = PBXFileReference; lastKnownFileType = sourcecode.swift; path = FontManager.swift; sourceTree = "<group>"; };
		7F4B9765270153EB0072C52F /* ColorManager.swift */ = {isa = PBXFileReference; lastKnownFileType = sourcecode.swift; path = ColorManager.swift; sourceTree = "<group>"; };
		7F4B9768270155030072C52F /* Colors.xcassets */ = {isa = PBXFileReference; lastKnownFileType = folder.assetcatalog; path = Colors.xcassets; sourceTree = "<group>"; };
		7F4B976D270155110072C52F /* GT-America-Extended-Bold-Italic-Trial copy.otf */ = {isa = PBXFileReference; lastKnownFileType = file; path = "GT-America-Extended-Bold-Italic-Trial copy.otf"; sourceTree = "<group>"; };
		7F8DC5E0270E65770025E02B /* PersonalProfileView.swift */ = {isa = PBXFileReference; lastKnownFileType = sourcecode.swift; path = PersonalProfileView.swift; sourceTree = "<group>"; };
		7F8DC5E2270E65850025E02B /* PersonalProfileViewModel.swift */ = {isa = PBXFileReference; lastKnownFileType = sourcecode.swift; name = PersonalProfileViewModel.swift; path = MOTV/Views/Profiles/PersonalProfileViewModel.swift; sourceTree = SOURCE_ROOT; };
		7FBF26DD26D00509003E2E99 /* Constants.swift */ = {isa = PBXFileReference; lastKnownFileType = sourcecode.swift; path = Constants.swift; sourceTree = "<group>"; };
		7FCA797326D563D3008C673A /* MapServices.swift */ = {isa = PBXFileReference; lastKnownFileType = sourcecode.swift; path = MapServices.swift; sourceTree = "<group>"; };
		7FE433762710C65C00B40692 /* TestUserSwitcher.swift */ = {isa = PBXFileReference; lastKnownFileType = sourcecode.swift; path = TestUserSwitcher.swift; sourceTree = "<group>"; };
		A1D962A2ADC5ED102297BF10 /* Pods_MOTV_MOTVUITests.framework */ = {isa = PBXFileReference; explicitFileType = wrapper.framework; includeInIndex = 0; path = Pods_MOTV_MOTVUITests.framework; sourceTree = BUILT_PRODUCTS_DIR; };
		B79ABE9E6B3CDB7C3830B6A1 /* Pods-MOTV.debug.xcconfig */ = {isa = PBXFileReference; includeInIndex = 1; lastKnownFileType = text.xcconfig; name = "Pods-MOTV.debug.xcconfig"; path = "Target Support Files/Pods-MOTV/Pods-MOTV.debug.xcconfig"; sourceTree = "<group>"; };
		C3464EA8E924783B57DAA7E9 /* Pods-MOTV-MOTVUITests.release.xcconfig */ = {isa = PBXFileReference; includeInIndex = 1; lastKnownFileType = text.xcconfig; name = "Pods-MOTV-MOTVUITests.release.xcconfig"; path = "Target Support Files/Pods-MOTV-MOTVUITests/Pods-MOTV-MOTVUITests.release.xcconfig"; sourceTree = "<group>"; };
/* End PBXFileReference section */

/* Begin PBXFrameworksBuildPhase section */
		7F2C4A5226CD5A62002187A1 /* Frameworks */ = {
			isa = PBXFrameworksBuildPhase;
			buildActionMask = 2147483647;
			files = (
				F0B61C401530E6FE0262FEE6 /* Pods_MOTV.framework in Frameworks */,
			);
			runOnlyForDeploymentPostprocessing = 0;
		};
		7F2C4A6826CD5A67002187A1 /* Frameworks */ = {
			isa = PBXFrameworksBuildPhase;
			buildActionMask = 2147483647;
			files = (
				A425728F89059B5D04DD7C96 /* Pods_MOTVTests.framework in Frameworks */,
			);
			runOnlyForDeploymentPostprocessing = 0;
		};
		7F2C4A7326CD5A67002187A1 /* Frameworks */ = {
			isa = PBXFrameworksBuildPhase;
			buildActionMask = 2147483647;
			files = (
				B62CFC743734A709A7D2333C /* Pods_MOTV_MOTVUITests.framework in Frameworks */,
			);
			runOnlyForDeploymentPostprocessing = 0;
		};
/* End PBXFrameworksBuildPhase section */

/* Begin PBXGroup section */
		7F2C4A4C26CD5A62002187A1 = {
			isa = PBXGroup;
			children = (
				7F2C4A5726CD5A62002187A1 /* MOTV */,
				7F2C4A6E26CD5A67002187A1 /* MOTVTests */,
				7F2C4A7926CD5A67002187A1 /* MOTVUITests */,
				7F2C4A5626CD5A62002187A1 /* Products */,
				DF3EBB167E1E29A4C5A01EA0 /* Pods */,
				8D81118F860C351E3E60FED4 /* Frameworks */,
			);
			sourceTree = "<group>";
		};
		7F2C4A5626CD5A62002187A1 /* Products */ = {
			isa = PBXGroup;
			children = (
				7F2C4A5526CD5A62002187A1 /* MOTV.app */,
				7F2C4A6B26CD5A67002187A1 /* MOTVTests.xctest */,
				7F2C4A7626CD5A67002187A1 /* MOTVUITests.xctest */,
			);
			name = Products;
			sourceTree = "<group>";
		};
		7F2C4A5726CD5A62002187A1 /* MOTV */ = {
			isa = PBXGroup;
			children = (
				7F2C4A8826CDB9C0002187A1 /* App */,
				7F2C4A8926CDB9CA002187A1 /* Views */,
				7F2C4A8A26CDB9D9002187A1 /* ViewModels */,
				7F2C4A8B26CDBA26002187A1 /* Model */,
				7F2C4A8C26CDBA35002187A1 /* Repositories */,
				7F2C4A8D26CDBB69002187A1 /* Service */,
				7F2C4A8E26CDBB8C002187A1 /* Utility */,
				7F4B9767270154550072C52F /* Assets */,
				7F2C4A6126CD5A66002187A1 /* Persistence.swift */,
				7F2C4A6626CD5A66002187A1 /* Info.plist */,
				7F18D66E26CE92C7003B8EBF /* GoogleService-Info.plist */,
				7F2C4A6326CD5A66002187A1 /* MOTV.xcdatamodeld */,
				7F2C4A5E26CD5A66002187A1 /* Preview Content */,
			);
			path = MOTV;
			sourceTree = "<group>";
		};
		7F2C4A5E26CD5A66002187A1 /* Preview Content */ = {
			isa = PBXGroup;
			children = (
				7F2C4A5F26CD5A66002187A1 /* Preview Assets.xcassets */,
			);
			path = "Preview Content";
			sourceTree = "<group>";
		};
		7F2C4A6E26CD5A67002187A1 /* MOTVTests */ = {
			isa = PBXGroup;
			children = (
				7F2C4A6F26CD5A67002187A1 /* MOTVTests.swift */,
				7F2C4A7126CD5A67002187A1 /* Info.plist */,
			);
			path = MOTVTests;
			sourceTree = "<group>";
		};
		7F2C4A7926CD5A67002187A1 /* MOTVUITests */ = {
			isa = PBXGroup;
			children = (
				7F2C4A7A26CD5A67002187A1 /* MOTVUITests.swift */,
				7F2C4A7C26CD5A67002187A1 /* Info.plist */,
			);
			path = MOTVUITests;
			sourceTree = "<group>";
		};
		7F2C4A8826CDB9C0002187A1 /* App */ = {
			isa = PBXGroup;
			children = (
				7F2C4A5826CD5A62002187A1 /* MOTVApp.swift */,
			);
			path = App;
			sourceTree = "<group>";
		};
		7F2C4A8926CDB9CA002187A1 /* Views */ = {
			isa = PBXGroup;
			children = (
				7F8DC5DE270E651A0025E02B /* Profiles */,
				7F3E6CFC270924CE009EB80A /* Authentication */,
				7F3334F3270114EF007CB93B /* Event Lists */,
				7FFDD93326FD4A3E003763D6 /* Event Creation Form */,
			);
			path = Views;
			sourceTree = "<group>";
		};
		7F2C4A8A26CDB9D9002187A1 /* ViewModels */ = {
			isa = PBXGroup;
			children = (
				7F8DC5DF270E65500025E02B /* Profiles */,
				7F3E6CFF27092678009EB80A /* Authentication */,
				7F3334F42701151C007CB93B /* Event Lists */,
				7F3334F52701153F007CB93B /* Event Creation Form */,
			);
			path = ViewModels;
			sourceTree = "<group>";
		};
		7F2C4A8B26CDBA26002187A1 /* Model */ = {
			isa = PBXGroup;
			children = (
				7F2C4A9126CDC672002187A1 /* Event.swift */,
				7F18D66426CDC86E003B8EBF /* User.swift */,
				7F18D66626CDE466003B8EBF /* SavedLocation.swift */,
			);
			path = Model;
			sourceTree = "<group>";
		};
		7F2C4A8C26CDBA35002187A1 /* Repositories */ = {
			isa = PBXGroup;
			children = (
				7F18D66826CDEB18003B8EBF /* EventRepository.swift */,
				7F2A569126D1A4ED0016469B /* UsersRepository.swift */,
			);
			path = Repositories;
			sourceTree = "<group>";
		};
		7F2C4A8D26CDBB69002187A1 /* Service */ = {
			isa = PBXGroup;
			children = (
				7FCA797326D563D3008C673A /* MapServices.swift */,
				7F02118F270BF38B004D7589 /* AuthenticationServices.swift */,
			);
			path = Service;
			sourceTree = "<group>";
		};
		7F2C4A8E26CDBB8C002187A1 /* Utility */ = {
			isa = PBXGroup;
			children = (
				7FBF26DD26D00509003E2E99 /* Constants.swift */,
				7F4B9763270153C50072C52F /* FontManager.swift */,
				7F4B9765270153EB0072C52F /* ColorManager.swift */,
			);
			path = Utility;
			sourceTree = "<group>";
		};
		7F3334F3270114EF007CB93B /* Event Lists */ = {
			isa = PBXGroup;
			children = (
				7F2C4A8F26CDC39E002187A1 /* EventCell.swift */,
				7F2C4A5A26CD5A62002187A1 /* EventsView.swift */,
			);
			path = "Event Lists";
			sourceTree = "<group>";
		};
		7F3334F42701151C007CB93B /* Event Lists */ = {
			isa = PBXGroup;
			children = (
				7F18D66A26CDECE0003B8EBF /* EventViewModel.swift */,
				7F18D66C26CDECF9003B8EBF /* EventsViewModel.swift */,
			);
			path = "Event Lists";
			sourceTree = "<group>";
		};
		7F3334F52701153F007CB93B /* Event Creation Form */ = {
			isa = PBXGroup;
			children = (
				7F333502270116C9007CB93B /* EventCreationFormViewModel.swift */,
				7F3334F8270115CC007CB93B /* EventCreationPrimaryDetailsFormViewModel.swift */,
				7F02DADD27011C59007408B3 /* EventCreationLocationFormViewModel.swift */,
				7F3334FC2701161D007CB93B /* EventCreationInviteesFormViewModel.swift */,
				7F3335002701164D007CB93B /* EventCreationSecondaryDetailsFormViewModel.swift */,
			);
			path = "Event Creation Form";
			sourceTree = "<group>";
		};
		7F3E6CFC270924CE009EB80A /* Authentication */ = {
			isa = PBXGroup;
			children = (
				7F3E6CFD2709252E009EB80A /* AuthenticationView.swift */,
				7FE433762710C65C00B40692 /* TestUserSwitcher.swift */,
			);
			path = Authentication;
			sourceTree = "<group>";
		};
		7F3E6CFF27092678009EB80A /* Authentication */ = {
			isa = PBXGroup;
			children = (
				7F02118B270BA592004D7589 /* SignUpViewModel.swift */,
				7F02118D270BA59F004D7589 /* SignInViewModel.swift */,
			);
			path = Authentication;
			sourceTree = "<group>";
		};
		7F4B9767270154550072C52F /* Assets */ = {
			isa = PBXGroup;
			children = (
				7F2C4A5C26CD5A66002187A1 /* Assets.xcassets */,
				7F4B9768270155030072C52F /* Colors.xcassets */,
				7F4B976C270155110072C52F /* Fonts */,
			);
			path = Assets;
			sourceTree = "<group>";
		};
		7F4B976C270155110072C52F /* Fonts */ = {
			isa = PBXGroup;
			children = (
				7F4B976D270155110072C52F /* GT-America-Extended-Bold-Italic-Trial copy.otf */,
			);
			path = Fonts;
			sourceTree = "<group>";
		};
		7F8DC5DE270E651A0025E02B /* Profiles */ = {
			isa = PBXGroup;
			children = (
				7F8DC5E0270E65770025E02B /* PersonalProfileView.swift */,
			);
			path = Profiles;
			sourceTree = "<group>";
		};
		7F8DC5DF270E65500025E02B /* Profiles */ = {
			isa = PBXGroup;
			children = (
				7F8DC5E2270E65850025E02B /* PersonalProfileViewModel.swift */,
			);
			path = Profiles;
			sourceTree = "<group>";
		};
		7FFDD93326FD4A3E003763D6 /* Event Creation Form */ = {
			isa = PBXGroup;
			children = (
				7F3334F6270115B3007CB93B /* EventCreationPrimaryDetailsFormView.swift */,
				7F02DADF27011C81007408B3 /* EventCreationLocationFormView.swift */,
				7F3334FA27011611007CB93B /* EventCreationInviteesFormView.swift */,
				7F3334FE27011636007CB93B /* EventCreationSecondaryDetailsFormView.swift */,
			);
			path = "Event Creation Form";
			sourceTree = "<group>";
		};
		8D81118F860C351E3E60FED4 /* Frameworks */ = {
			isa = PBXGroup;
			children = (
				5D368C2829FCB1CE6A39EF73 /* Pods_MOTV.framework */,
				A1D962A2ADC5ED102297BF10 /* Pods_MOTV_MOTVUITests.framework */,
				6AA9B3F5129D3E869CD64A97 /* Pods_MOTVTests.framework */,
			);
			name = Frameworks;
			sourceTree = "<group>";
		};
		DF3EBB167E1E29A4C5A01EA0 /* Pods */ = {
			isa = PBXGroup;
			children = (
				B79ABE9E6B3CDB7C3830B6A1 /* Pods-MOTV.debug.xcconfig */,
				75B6C883BF7A4FA67BB91597 /* Pods-MOTV.release.xcconfig */,
				153ECCD57DBFB7D8F6C48EB1 /* Pods-MOTV-MOTVUITests.debug.xcconfig */,
				C3464EA8E924783B57DAA7E9 /* Pods-MOTV-MOTVUITests.release.xcconfig */,
				2278BEAAD317F2AFF622058A /* Pods-MOTVTests.debug.xcconfig */,
				5E9EBD36522029B5DD7CD4FA /* Pods-MOTVTests.release.xcconfig */,
			);
			path = Pods;
			sourceTree = "<group>";
		};
/* End PBXGroup section */

/* Begin PBXNativeTarget section */
		7F2C4A5426CD5A62002187A1 /* MOTV */ = {
			isa = PBXNativeTarget;
			buildConfigurationList = 7F2C4A7F26CD5A67002187A1 /* Build configuration list for PBXNativeTarget "MOTV" */;
			buildPhases = (
				61DCE0B2AD9F6540571E4469 /* [CP] Check Pods Manifest.lock */,
				7F2C4A5126CD5A62002187A1 /* Sources */,
				7F2C4A5226CD5A62002187A1 /* Frameworks */,
				7F2C4A5326CD5A62002187A1 /* Resources */,
				445E6E9E05572ECEE23C7182 /* [CP] Embed Pods Frameworks */,
			);
			buildRules = (
			);
			dependencies = (
			);
			name = MOTV;
			productName = MOTV;
			productReference = 7F2C4A5526CD5A62002187A1 /* MOTV.app */;
			productType = "com.apple.product-type.application";
		};
		7F2C4A6A26CD5A67002187A1 /* MOTVTests */ = {
			isa = PBXNativeTarget;
			buildConfigurationList = 7F2C4A8226CD5A67002187A1 /* Build configuration list for PBXNativeTarget "MOTVTests" */;
			buildPhases = (
				6425C464653326FDF47A1A3F /* [CP] Check Pods Manifest.lock */,
				7F2C4A6726CD5A67002187A1 /* Sources */,
				7F2C4A6826CD5A67002187A1 /* Frameworks */,
				7F2C4A6926CD5A67002187A1 /* Resources */,
				ABECCDE82669DF5CBFC63150 /* [CP] Embed Pods Frameworks */,
			);
			buildRules = (
			);
			dependencies = (
				7F2C4A6D26CD5A67002187A1 /* PBXTargetDependency */,
			);
			name = MOTVTests;
			productName = MOTVTests;
			productReference = 7F2C4A6B26CD5A67002187A1 /* MOTVTests.xctest */;
			productType = "com.apple.product-type.bundle.unit-test";
		};
		7F2C4A7526CD5A67002187A1 /* MOTVUITests */ = {
			isa = PBXNativeTarget;
			buildConfigurationList = 7F2C4A8526CD5A67002187A1 /* Build configuration list for PBXNativeTarget "MOTVUITests" */;
			buildPhases = (
				336F27B5FE4563CC56597A4B /* [CP] Check Pods Manifest.lock */,
				7F2C4A7226CD5A67002187A1 /* Sources */,
				7F2C4A7326CD5A67002187A1 /* Frameworks */,
				7F2C4A7426CD5A67002187A1 /* Resources */,
				AE918AE87F4CC41D628BA8E4 /* [CP] Embed Pods Frameworks */,
			);
			buildRules = (
			);
			dependencies = (
				7F2C4A7826CD5A67002187A1 /* PBXTargetDependency */,
			);
			name = MOTVUITests;
			productName = MOTVUITests;
			productReference = 7F2C4A7626CD5A67002187A1 /* MOTVUITests.xctest */;
			productType = "com.apple.product-type.bundle.ui-testing";
		};
/* End PBXNativeTarget section */

/* Begin PBXProject section */
		7F2C4A4D26CD5A62002187A1 /* Project object */ = {
			isa = PBXProject;
			attributes = {
				LastSwiftUpdateCheck = 1250;
				LastUpgradeCheck = 1250;
				TargetAttributes = {
					7F2C4A5426CD5A62002187A1 = {
						CreatedOnToolsVersion = 12.5.1;
					};
					7F2C4A6A26CD5A67002187A1 = {
						CreatedOnToolsVersion = 12.5.1;
						TestTargetID = 7F2C4A5426CD5A62002187A1;
					};
					7F2C4A7526CD5A67002187A1 = {
						CreatedOnToolsVersion = 12.5.1;
						TestTargetID = 7F2C4A5426CD5A62002187A1;
					};
				};
			};
			buildConfigurationList = 7F2C4A5026CD5A62002187A1 /* Build configuration list for PBXProject "MOTV" */;
			compatibilityVersion = "Xcode 9.3";
			developmentRegion = en;
			hasScannedForEncodings = 0;
			knownRegions = (
				en,
				Base,
			);
			mainGroup = 7F2C4A4C26CD5A62002187A1;
			productRefGroup = 7F2C4A5626CD5A62002187A1 /* Products */;
			projectDirPath = "";
			projectRoot = "";
			targets = (
				7F2C4A5426CD5A62002187A1 /* MOTV */,
				7F2C4A6A26CD5A67002187A1 /* MOTVTests */,
				7F2C4A7526CD5A67002187A1 /* MOTVUITests */,
			);
		};
/* End PBXProject section */

/* Begin PBXResourcesBuildPhase section */
		7F2C4A5326CD5A62002187A1 /* Resources */ = {
			isa = PBXResourcesBuildPhase;
			buildActionMask = 2147483647;
			files = (
				7F2C4A6026CD5A66002187A1 /* Preview Assets.xcassets in Resources */,
				7F4B9769270155030072C52F /* Colors.xcassets in Resources */,
				7F4B976E270155110072C52F /* GT-America-Extended-Bold-Italic-Trial copy.otf in Resources */,
				7F18D66F26CE92C8003B8EBF /* GoogleService-Info.plist in Resources */,
				7F8DC5E6270E9AF60025E02B /* Assets.xcassets in Resources */,
			);
			runOnlyForDeploymentPostprocessing = 0;
		};
		7F2C4A6926CD5A67002187A1 /* Resources */ = {
			isa = PBXResourcesBuildPhase;
			buildActionMask = 2147483647;
			files = (
				7F4B976F270155110072C52F /* GT-America-Extended-Bold-Italic-Trial copy.otf in Resources */,
				7F8DC5E4270E9A9A0025E02B /* Assets.xcassets in Resources */,
				7F4B976A270155030072C52F /* Colors.xcassets in Resources */,
			);
			runOnlyForDeploymentPostprocessing = 0;
		};
		7F2C4A7426CD5A67002187A1 /* Resources */ = {
			isa = PBXResourcesBuildPhase;
			buildActionMask = 2147483647;
			files = (
				7F4B9770270155110072C52F /* GT-America-Extended-Bold-Italic-Trial copy.otf in Resources */,
				7F8DC5E5270E9A9A0025E02B /* Assets.xcassets in Resources */,
				7F4B976B270155030072C52F /* Colors.xcassets in Resources */,
			);
			runOnlyForDeploymentPostprocessing = 0;
		};
/* End PBXResourcesBuildPhase section */

/* Begin PBXShellScriptBuildPhase section */
		336F27B5FE4563CC56597A4B /* [CP] Check Pods Manifest.lock */ = {
			isa = PBXShellScriptBuildPhase;
			buildActionMask = 2147483647;
			files = (
			);
			inputFileListPaths = (
			);
			inputPaths = (
				"${PODS_PODFILE_DIR_PATH}/Podfile.lock",
				"${PODS_ROOT}/Manifest.lock",
			);
			name = "[CP] Check Pods Manifest.lock";
			outputFileListPaths = (
			);
			outputPaths = (
				"$(DERIVED_FILE_DIR)/Pods-MOTV-MOTVUITests-checkManifestLockResult.txt",
			);
			runOnlyForDeploymentPostprocessing = 0;
			shellPath = /bin/sh;
			shellScript = "diff \"${PODS_PODFILE_DIR_PATH}/Podfile.lock\" \"${PODS_ROOT}/Manifest.lock\" > /dev/null\nif [ $? != 0 ] ; then\n    # print error to STDERR\n    echo \"error: The sandbox is not in sync with the Podfile.lock. Run 'pod install' or update your CocoaPods installation.\" >&2\n    exit 1\nfi\n# This output is used by Xcode 'outputs' to avoid re-running this script phase.\necho \"SUCCESS\" > \"${SCRIPT_OUTPUT_FILE_0}\"\n";
			showEnvVarsInLog = 0;
		};
		445E6E9E05572ECEE23C7182 /* [CP] Embed Pods Frameworks */ = {
			isa = PBXShellScriptBuildPhase;
			buildActionMask = 2147483647;
			files = (
			);
			inputFileListPaths = (
				"${PODS_ROOT}/Target Support Files/Pods-MOTV/Pods-MOTV-frameworks-${CONFIGURATION}-input-files.xcfilelist",
			);
			name = "[CP] Embed Pods Frameworks";
			outputFileListPaths = (
				"${PODS_ROOT}/Target Support Files/Pods-MOTV/Pods-MOTV-frameworks-${CONFIGURATION}-output-files.xcfilelist",
			);
			runOnlyForDeploymentPostprocessing = 0;
			shellPath = /bin/sh;
			shellScript = "\"${PODS_ROOT}/Target Support Files/Pods-MOTV/Pods-MOTV-frameworks.sh\"\n";
			showEnvVarsInLog = 0;
		};
		61DCE0B2AD9F6540571E4469 /* [CP] Check Pods Manifest.lock */ = {
			isa = PBXShellScriptBuildPhase;
			buildActionMask = 2147483647;
			files = (
			);
			inputFileListPaths = (
			);
			inputPaths = (
				"${PODS_PODFILE_DIR_PATH}/Podfile.lock",
				"${PODS_ROOT}/Manifest.lock",
			);
			name = "[CP] Check Pods Manifest.lock";
			outputFileListPaths = (
			);
			outputPaths = (
				"$(DERIVED_FILE_DIR)/Pods-MOTV-checkManifestLockResult.txt",
			);
			runOnlyForDeploymentPostprocessing = 0;
			shellPath = /bin/sh;
			shellScript = "diff \"${PODS_PODFILE_DIR_PATH}/Podfile.lock\" \"${PODS_ROOT}/Manifest.lock\" > /dev/null\nif [ $? != 0 ] ; then\n    # print error to STDERR\n    echo \"error: The sandbox is not in sync with the Podfile.lock. Run 'pod install' or update your CocoaPods installation.\" >&2\n    exit 1\nfi\n# This output is used by Xcode 'outputs' to avoid re-running this script phase.\necho \"SUCCESS\" > \"${SCRIPT_OUTPUT_FILE_0}\"\n";
			showEnvVarsInLog = 0;
		};
		6425C464653326FDF47A1A3F /* [CP] Check Pods Manifest.lock */ = {
			isa = PBXShellScriptBuildPhase;
			buildActionMask = 2147483647;
			files = (
			);
			inputFileListPaths = (
			);
			inputPaths = (
				"${PODS_PODFILE_DIR_PATH}/Podfile.lock",
				"${PODS_ROOT}/Manifest.lock",
			);
			name = "[CP] Check Pods Manifest.lock";
			outputFileListPaths = (
			);
			outputPaths = (
				"$(DERIVED_FILE_DIR)/Pods-MOTVTests-checkManifestLockResult.txt",
			);
			runOnlyForDeploymentPostprocessing = 0;
			shellPath = /bin/sh;
			shellScript = "diff \"${PODS_PODFILE_DIR_PATH}/Podfile.lock\" \"${PODS_ROOT}/Manifest.lock\" > /dev/null\nif [ $? != 0 ] ; then\n    # print error to STDERR\n    echo \"error: The sandbox is not in sync with the Podfile.lock. Run 'pod install' or update your CocoaPods installation.\" >&2\n    exit 1\nfi\n# This output is used by Xcode 'outputs' to avoid re-running this script phase.\necho \"SUCCESS\" > \"${SCRIPT_OUTPUT_FILE_0}\"\n";
			showEnvVarsInLog = 0;
		};
		ABECCDE82669DF5CBFC63150 /* [CP] Embed Pods Frameworks */ = {
			isa = PBXShellScriptBuildPhase;
			buildActionMask = 2147483647;
			files = (
			);
			inputFileListPaths = (
				"${PODS_ROOT}/Target Support Files/Pods-MOTVTests/Pods-MOTVTests-frameworks-${CONFIGURATION}-input-files.xcfilelist",
			);
			name = "[CP] Embed Pods Frameworks";
			outputFileListPaths = (
				"${PODS_ROOT}/Target Support Files/Pods-MOTVTests/Pods-MOTVTests-frameworks-${CONFIGURATION}-output-files.xcfilelist",
			);
			runOnlyForDeploymentPostprocessing = 0;
			shellPath = /bin/sh;
			shellScript = "\"${PODS_ROOT}/Target Support Files/Pods-MOTVTests/Pods-MOTVTests-frameworks.sh\"\n";
			showEnvVarsInLog = 0;
		};
		AE918AE87F4CC41D628BA8E4 /* [CP] Embed Pods Frameworks */ = {
			isa = PBXShellScriptBuildPhase;
			buildActionMask = 2147483647;
			files = (
			);
			inputFileListPaths = (
				"${PODS_ROOT}/Target Support Files/Pods-MOTV-MOTVUITests/Pods-MOTV-MOTVUITests-frameworks-${CONFIGURATION}-input-files.xcfilelist",
			);
			name = "[CP] Embed Pods Frameworks";
			outputFileListPaths = (
				"${PODS_ROOT}/Target Support Files/Pods-MOTV-MOTVUITests/Pods-MOTV-MOTVUITests-frameworks-${CONFIGURATION}-output-files.xcfilelist",
			);
			runOnlyForDeploymentPostprocessing = 0;
			shellPath = /bin/sh;
			shellScript = "\"${PODS_ROOT}/Target Support Files/Pods-MOTV-MOTVUITests/Pods-MOTV-MOTVUITests-frameworks.sh\"\n";
			showEnvVarsInLog = 0;
		};
/* End PBXShellScriptBuildPhase section */

/* Begin PBXSourcesBuildPhase section */
		7F2C4A5126CD5A62002187A1 /* Sources */ = {
			isa = PBXSourcesBuildPhase;
			buildActionMask = 2147483647;
			files = (
				7F3334FF27011636007CB93B /* EventCreationSecondaryDetailsFormView.swift in Sources */,
				7F2C4A6226CD5A66002187A1 /* Persistence.swift in Sources */,
				7F2C4A5B26CD5A62002187A1 /* EventsView.swift in Sources */,
				7F18D66726CDE466003B8EBF /* SavedLocation.swift in Sources */,
				7F3E6CFE2709252E009EB80A /* AuthenticationView.swift in Sources */,
				7F333503270116C9007CB93B /* EventCreationFormViewModel.swift in Sources */,
				7F3334FD2701161D007CB93B /* EventCreationInviteesFormViewModel.swift in Sources */,
				7F18D66D26CDECF9003B8EBF /* EventsViewModel.swift in Sources */,
				7F02118E270BA59F004D7589 /* SignInViewModel.swift in Sources */,
				7F3334FB27011611007CB93B /* EventCreationInviteesFormView.swift in Sources */,
				7F3334F7270115B3007CB93B /* EventCreationPrimaryDetailsFormView.swift in Sources */,
				7F3335012701164D007CB93B /* EventCreationSecondaryDetailsFormViewModel.swift in Sources */,
				7F18D66B26CDECE0003B8EBF /* EventViewModel.swift in Sources */,
				7F4B9766270153EB0072C52F /* ColorManager.swift in Sources */,
				7F02118C270BA592004D7589 /* SignUpViewModel.swift in Sources */,
				7F2C4A9026CDC39E002187A1 /* EventCell.swift in Sources */,
				7FCA797426D563D3008C673A /* MapServices.swift in Sources */,
				7F18D66926CDEB18003B8EBF /* EventRepository.swift in Sources */,
				7F2C4A5926CD5A62002187A1 /* MOTVApp.swift in Sources */,
				7F02DADE27011C59007408B3 /* EventCreationLocationFormViewModel.swift in Sources */,
				7F3334F9270115CC007CB93B /* EventCreationPrimaryDetailsFormViewModel.swift in Sources */,
				7F8DC5E3270E65850025E02B /* PersonalProfileViewModel.swift in Sources */,
				7F021190270BF38B004D7589 /* AuthenticationServices.swift in Sources */,
				7F8DC5E1270E65770025E02B /* PersonalProfileView.swift in Sources */,
				7F2A569226D1A4ED0016469B /* UsersRepository.swift in Sources */,
				7FE433772710C65C00B40692 /* TestUserSwitcher.swift in Sources */,
				7F2C4A9226CDC672002187A1 /* Event.swift in Sources */,
				7F2C4A6526CD5A66002187A1 /* MOTV.xcdatamodeld in Sources */,
				7F02DAE027011C81007408B3 /* EventCreationLocationFormView.swift in Sources */,
				7F18D66526CDC86E003B8EBF /* User.swift in Sources */,
				7F4B9764270153C50072C52F /* FontManager.swift in Sources */,
				7FBF26DE26D0050A003E2E99 /* Constants.swift in Sources */,
			);
			runOnlyForDeploymentPostprocessing = 0;
		};
		7F2C4A6726CD5A67002187A1 /* Sources */ = {
			isa = PBXSourcesBuildPhase;
			buildActionMask = 2147483647;
			files = (
				7F2C4A7026CD5A67002187A1 /* MOTVTests.swift in Sources */,
			);
			runOnlyForDeploymentPostprocessing = 0;
		};
		7F2C4A7226CD5A67002187A1 /* Sources */ = {
			isa = PBXSourcesBuildPhase;
			buildActionMask = 2147483647;
			files = (
				7F2C4A7B26CD5A67002187A1 /* MOTVUITests.swift in Sources */,
			);
			runOnlyForDeploymentPostprocessing = 0;
		};
/* End PBXSourcesBuildPhase section */

/* Begin PBXTargetDependency section */
		7F2C4A6D26CD5A67002187A1 /* PBXTargetDependency */ = {
			isa = PBXTargetDependency;
			target = 7F2C4A5426CD5A62002187A1 /* MOTV */;
			targetProxy = 7F2C4A6C26CD5A67002187A1 /* PBXContainerItemProxy */;
		};
		7F2C4A7826CD5A67002187A1 /* PBXTargetDependency */ = {
			isa = PBXTargetDependency;
			target = 7F2C4A5426CD5A62002187A1 /* MOTV */;
			targetProxy = 7F2C4A7726CD5A67002187A1 /* PBXContainerItemProxy */;
		};
/* End PBXTargetDependency section */

/* Begin XCBuildConfiguration section */
		7F2C4A7D26CD5A67002187A1 /* Debug */ = {
			isa = XCBuildConfiguration;
			buildSettings = {
				ALWAYS_SEARCH_USER_PATHS = NO;
				CLANG_ANALYZER_NONNULL = YES;
				CLANG_ANALYZER_NUMBER_OBJECT_CONVERSION = YES_AGGRESSIVE;
				CLANG_CXX_LANGUAGE_STANDARD = "gnu++14";
				CLANG_CXX_LIBRARY = "libc++";
				CLANG_ENABLE_MODULES = YES;
				CLANG_ENABLE_OBJC_ARC = YES;
				CLANG_ENABLE_OBJC_WEAK = YES;
				CLANG_WARN_BLOCK_CAPTURE_AUTORELEASING = YES;
				CLANG_WARN_BOOL_CONVERSION = YES;
				CLANG_WARN_COMMA = YES;
				CLANG_WARN_CONSTANT_CONVERSION = YES;
				CLANG_WARN_DEPRECATED_OBJC_IMPLEMENTATIONS = YES;
				CLANG_WARN_DIRECT_OBJC_ISA_USAGE = YES_ERROR;
				CLANG_WARN_DOCUMENTATION_COMMENTS = YES;
				CLANG_WARN_EMPTY_BODY = YES;
				CLANG_WARN_ENUM_CONVERSION = YES;
				CLANG_WARN_INFINITE_RECURSION = YES;
				CLANG_WARN_INT_CONVERSION = YES;
				CLANG_WARN_NON_LITERAL_NULL_CONVERSION = YES;
				CLANG_WARN_OBJC_IMPLICIT_RETAIN_SELF = YES;
				CLANG_WARN_OBJC_LITERAL_CONVERSION = YES;
				CLANG_WARN_OBJC_ROOT_CLASS = YES_ERROR;
				CLANG_WARN_QUOTED_INCLUDE_IN_FRAMEWORK_HEADER = YES;
				CLANG_WARN_RANGE_LOOP_ANALYSIS = YES;
				CLANG_WARN_STRICT_PROTOTYPES = YES;
				CLANG_WARN_SUSPICIOUS_MOVE = YES;
				CLANG_WARN_UNGUARDED_AVAILABILITY = YES_AGGRESSIVE;
				CLANG_WARN_UNREACHABLE_CODE = YES;
				CLANG_WARN__DUPLICATE_METHOD_MATCH = YES;
				COPY_PHASE_STRIP = NO;
				DEBUG_INFORMATION_FORMAT = dwarf;
				ENABLE_STRICT_OBJC_MSGSEND = YES;
				ENABLE_TESTABILITY = YES;
				GCC_C_LANGUAGE_STANDARD = gnu11;
				GCC_DYNAMIC_NO_PIC = NO;
				GCC_NO_COMMON_BLOCKS = YES;
				GCC_OPTIMIZATION_LEVEL = 0;
				GCC_PREPROCESSOR_DEFINITIONS = (
					"DEBUG=1",
					"$(inherited)",
				);
				GCC_WARN_64_TO_32_BIT_CONVERSION = YES;
				GCC_WARN_ABOUT_RETURN_TYPE = YES_ERROR;
				GCC_WARN_UNDECLARED_SELECTOR = YES;
				GCC_WARN_UNINITIALIZED_AUTOS = YES_AGGRESSIVE;
				GCC_WARN_UNUSED_FUNCTION = YES;
				GCC_WARN_UNUSED_VARIABLE = YES;
				IPHONEOS_DEPLOYMENT_TARGET = 14.5;
				MTL_ENABLE_DEBUG_INFO = INCLUDE_SOURCE;
				MTL_FAST_MATH = YES;
				ONLY_ACTIVE_ARCH = YES;
				SDKROOT = iphoneos;
				SWIFT_ACTIVE_COMPILATION_CONDITIONS = DEBUG;
				SWIFT_OPTIMIZATION_LEVEL = "-Onone";
			};
			name = Debug;
		};
		7F2C4A7E26CD5A67002187A1 /* Release */ = {
			isa = XCBuildConfiguration;
			buildSettings = {
				ALWAYS_SEARCH_USER_PATHS = NO;
				CLANG_ANALYZER_NONNULL = YES;
				CLANG_ANALYZER_NUMBER_OBJECT_CONVERSION = YES_AGGRESSIVE;
				CLANG_CXX_LANGUAGE_STANDARD = "gnu++14";
				CLANG_CXX_LIBRARY = "libc++";
				CLANG_ENABLE_MODULES = YES;
				CLANG_ENABLE_OBJC_ARC = YES;
				CLANG_ENABLE_OBJC_WEAK = YES;
				CLANG_WARN_BLOCK_CAPTURE_AUTORELEASING = YES;
				CLANG_WARN_BOOL_CONVERSION = YES;
				CLANG_WARN_COMMA = YES;
				CLANG_WARN_CONSTANT_CONVERSION = YES;
				CLANG_WARN_DEPRECATED_OBJC_IMPLEMENTATIONS = YES;
				CLANG_WARN_DIRECT_OBJC_ISA_USAGE = YES_ERROR;
				CLANG_WARN_DOCUMENTATION_COMMENTS = YES;
				CLANG_WARN_EMPTY_BODY = YES;
				CLANG_WARN_ENUM_CONVERSION = YES;
				CLANG_WARN_INFINITE_RECURSION = YES;
				CLANG_WARN_INT_CONVERSION = YES;
				CLANG_WARN_NON_LITERAL_NULL_CONVERSION = YES;
				CLANG_WARN_OBJC_IMPLICIT_RETAIN_SELF = YES;
				CLANG_WARN_OBJC_LITERAL_CONVERSION = YES;
				CLANG_WARN_OBJC_ROOT_CLASS = YES_ERROR;
				CLANG_WARN_QUOTED_INCLUDE_IN_FRAMEWORK_HEADER = YES;
				CLANG_WARN_RANGE_LOOP_ANALYSIS = YES;
				CLANG_WARN_STRICT_PROTOTYPES = YES;
				CLANG_WARN_SUSPICIOUS_MOVE = YES;
				CLANG_WARN_UNGUARDED_AVAILABILITY = YES_AGGRESSIVE;
				CLANG_WARN_UNREACHABLE_CODE = YES;
				CLANG_WARN__DUPLICATE_METHOD_MATCH = YES;
				COPY_PHASE_STRIP = NO;
				DEBUG_INFORMATION_FORMAT = "dwarf-with-dsym";
				ENABLE_NS_ASSERTIONS = NO;
				ENABLE_STRICT_OBJC_MSGSEND = YES;
				GCC_C_LANGUAGE_STANDARD = gnu11;
				GCC_NO_COMMON_BLOCKS = YES;
				GCC_WARN_64_TO_32_BIT_CONVERSION = YES;
				GCC_WARN_ABOUT_RETURN_TYPE = YES_ERROR;
				GCC_WARN_UNDECLARED_SELECTOR = YES;
				GCC_WARN_UNINITIALIZED_AUTOS = YES_AGGRESSIVE;
				GCC_WARN_UNUSED_FUNCTION = YES;
				GCC_WARN_UNUSED_VARIABLE = YES;
				IPHONEOS_DEPLOYMENT_TARGET = 14.5;
				MTL_ENABLE_DEBUG_INFO = NO;
				MTL_FAST_MATH = YES;
				SDKROOT = iphoneos;
				SWIFT_COMPILATION_MODE = wholemodule;
				SWIFT_OPTIMIZATION_LEVEL = "-O";
				VALIDATE_PRODUCT = YES;
			};
			name = Release;
		};
		7F2C4A8026CD5A67002187A1 /* Debug */ = {
			isa = XCBuildConfiguration;
			baseConfigurationReference = B79ABE9E6B3CDB7C3830B6A1 /* Pods-MOTV.debug.xcconfig */;
			buildSettings = {
				ASSETCATALOG_COMPILER_APPICON_NAME = AppIcon;
				ASSETCATALOG_COMPILER_GLOBAL_ACCENT_COLOR_NAME = AccentColor;
				ASSETCATALOG_COMPILER_INCLUDE_ALL_APPICON_ASSETS = NO;
				CODE_SIGN_STYLE = Automatic;
				DEVELOPMENT_ASSET_PATHS = "\"MOTV/Preview Content\"";
				DEVELOPMENT_TEAM = 5A5DD6ZMS8;
				ENABLE_PREVIEWS = YES;
				INFOPLIST_FILE = MOTV/Info.plist;
				IPHONEOS_DEPLOYMENT_TARGET = 14.0;
				LD_RUNPATH_SEARCH_PATHS = (
					"$(inherited)",
					"@executable_path/Frameworks",
				);
				PRODUCT_BUNDLE_IDENTIFIER = com.AndrewKrechmer.MOTV;
				PRODUCT_NAME = "$(TARGET_NAME)";
				SWIFT_VERSION = 5.0;
				TARGETED_DEVICE_FAMILY = 1;
			};
			name = Debug;
		};
		7F2C4A8126CD5A67002187A1 /* Release */ = {
			isa = XCBuildConfiguration;
			baseConfigurationReference = 75B6C883BF7A4FA67BB91597 /* Pods-MOTV.release.xcconfig */;
			buildSettings = {
				ASSETCATALOG_COMPILER_APPICON_NAME = AppIcon;
				ASSETCATALOG_COMPILER_GLOBAL_ACCENT_COLOR_NAME = AccentColor;
				ASSETCATALOG_COMPILER_INCLUDE_ALL_APPICON_ASSETS = NO;
				CODE_SIGN_STYLE = Automatic;
				DEVELOPMENT_ASSET_PATHS = "\"MOTV/Preview Content\"";
				DEVELOPMENT_TEAM = 5A5DD6ZMS8;
				ENABLE_PREVIEWS = YES;
				INFOPLIST_FILE = MOTV/Info.plist;
				IPHONEOS_DEPLOYMENT_TARGET = 14.0;
				LD_RUNPATH_SEARCH_PATHS = (
					"$(inherited)",
					"@executable_path/Frameworks",
				);
				PRODUCT_BUNDLE_IDENTIFIER = com.AndrewKrechmer.MOTV;
				PRODUCT_NAME = "$(TARGET_NAME)";
				SWIFT_VERSION = 5.0;
				TARGETED_DEVICE_FAMILY = 1;
			};
			name = Release;
		};
		7F2C4A8326CD5A67002187A1 /* Debug */ = {
			isa = XCBuildConfiguration;
			baseConfigurationReference = 2278BEAAD317F2AFF622058A /* Pods-MOTVTests.debug.xcconfig */;
			buildSettings = {
				BUNDLE_LOADER = "$(TEST_HOST)";
				CODE_SIGN_STYLE = Automatic;
				DEVELOPMENT_TEAM = 5A5DD6ZMS8;
				INFOPLIST_FILE = MOTVTests/Info.plist;
				IPHONEOS_DEPLOYMENT_TARGET = 14.0;
				LD_RUNPATH_SEARCH_PATHS = (
					"$(inherited)",
					"@executable_path/Frameworks",
					"@loader_path/Frameworks",
				);
				PRODUCT_BUNDLE_IDENTIFIER = com.AndrewKrechmer.MOTVTests;
				PRODUCT_NAME = "$(TARGET_NAME)";
				SWIFT_VERSION = 5.0;
				TARGETED_DEVICE_FAMILY = "1,2";
				TEST_HOST = "$(BUILT_PRODUCTS_DIR)/MOTV.app/MOTV";
			};
			name = Debug;
		};
		7F2C4A8426CD5A67002187A1 /* Release */ = {
			isa = XCBuildConfiguration;
			baseConfigurationReference = 5E9EBD36522029B5DD7CD4FA /* Pods-MOTVTests.release.xcconfig */;
			buildSettings = {
				BUNDLE_LOADER = "$(TEST_HOST)";
				CODE_SIGN_STYLE = Automatic;
				DEVELOPMENT_TEAM = 5A5DD6ZMS8;
				INFOPLIST_FILE = MOTVTests/Info.plist;
				IPHONEOS_DEPLOYMENT_TARGET = 14.0;
				LD_RUNPATH_SEARCH_PATHS = (
					"$(inherited)",
					"@executable_path/Frameworks",
					"@loader_path/Frameworks",
				);
				PRODUCT_BUNDLE_IDENTIFIER = com.AndrewKrechmer.MOTVTests;
				PRODUCT_NAME = "$(TARGET_NAME)";
				SWIFT_VERSION = 5.0;
				TARGETED_DEVICE_FAMILY = "1,2";
				TEST_HOST = "$(BUILT_PRODUCTS_DIR)/MOTV.app/MOTV";
			};
			name = Release;
		};
		7F2C4A8626CD5A67002187A1 /* Debug */ = {
			isa = XCBuildConfiguration;
			baseConfigurationReference = 153ECCD57DBFB7D8F6C48EB1 /* Pods-MOTV-MOTVUITests.debug.xcconfig */;
			buildSettings = {
				CODE_SIGN_STYLE = Automatic;
				DEVELOPMENT_TEAM = 5A5DD6ZMS8;
				INFOPLIST_FILE = MOTVUITests/Info.plist;
				LD_RUNPATH_SEARCH_PATHS = (
					"$(inherited)",
					"@executable_path/Frameworks",
					"@loader_path/Frameworks",
				);
				PRODUCT_BUNDLE_IDENTIFIER = com.AndrewKrechmer.MOTVUITests;
				PRODUCT_NAME = "$(TARGET_NAME)";
				SWIFT_VERSION = 5.0;
				TARGETED_DEVICE_FAMILY = "1,2";
				TEST_TARGET_NAME = MOTV;
			};
			name = Debug;
		};
		7F2C4A8726CD5A67002187A1 /* Release */ = {
			isa = XCBuildConfiguration;
			baseConfigurationReference = C3464EA8E924783B57DAA7E9 /* Pods-MOTV-MOTVUITests.release.xcconfig */;
			buildSettings = {
				CODE_SIGN_STYLE = Automatic;
				DEVELOPMENT_TEAM = 5A5DD6ZMS8;
				INFOPLIST_FILE = MOTVUITests/Info.plist;
				LD_RUNPATH_SEARCH_PATHS = (
					"$(inherited)",
					"@executable_path/Frameworks",
					"@loader_path/Frameworks",
				);
				PRODUCT_BUNDLE_IDENTIFIER = com.AndrewKrechmer.MOTVUITests;
				PRODUCT_NAME = "$(TARGET_NAME)";
				SWIFT_VERSION = 5.0;
				TARGETED_DEVICE_FAMILY = "1,2";
				TEST_TARGET_NAME = MOTV;
			};
			name = Release;
		};
/* End XCBuildConfiguration section */

/* Begin XCConfigurationList section */
		7F2C4A5026CD5A62002187A1 /* Build configuration list for PBXProject "MOTV" */ = {
			isa = XCConfigurationList;
			buildConfigurations = (
				7F2C4A7D26CD5A67002187A1 /* Debug */,
				7F2C4A7E26CD5A67002187A1 /* Release */,
			);
			defaultConfigurationIsVisible = 0;
			defaultConfigurationName = Release;
		};
		7F2C4A7F26CD5A67002187A1 /* Build configuration list for PBXNativeTarget "MOTV" */ = {
			isa = XCConfigurationList;
			buildConfigurations = (
				7F2C4A8026CD5A67002187A1 /* Debug */,
				7F2C4A8126CD5A67002187A1 /* Release */,
			);
			defaultConfigurationIsVisible = 0;
			defaultConfigurationName = Release;
		};
		7F2C4A8226CD5A67002187A1 /* Build configuration list for PBXNativeTarget "MOTVTests" */ = {
			isa = XCConfigurationList;
			buildConfigurations = (
				7F2C4A8326CD5A67002187A1 /* Debug */,
				7F2C4A8426CD5A67002187A1 /* Release */,
			);
			defaultConfigurationIsVisible = 0;
			defaultConfigurationName = Release;
		};
		7F2C4A8526CD5A67002187A1 /* Build configuration list for PBXNativeTarget "MOTVUITests" */ = {
			isa = XCConfigurationList;
			buildConfigurations = (
				7F2C4A8626CD5A67002187A1 /* Debug */,
				7F2C4A8726CD5A67002187A1 /* Release */,
			);
			defaultConfigurationIsVisible = 0;
			defaultConfigurationName = Release;
		};
/* End XCConfigurationList section */

/* Begin XCVersionGroup section */
		7F2C4A6326CD5A66002187A1 /* MOTV.xcdatamodeld */ = {
			isa = XCVersionGroup;
			children = (
				7F2C4A6426CD5A66002187A1 /* MOTV.xcdatamodel */,
			);
			currentVersion = 7F2C4A6426CD5A66002187A1 /* MOTV.xcdatamodel */;
			path = MOTV.xcdatamodeld;
			sourceTree = "<group>";
			versionGroupType = wrapper.xcdatamodel;
		};
/* End XCVersionGroup section */
	};
	rootObject = 7F2C4A4D26CD5A62002187A1 /* Project object */;
}
